// !$*UTF8*$!
{
	archiveVersion = 1;
	classes = {
	};
	objectVersion = 55;
	objects = {

/* Begin PBXBuildFile section */
		2877DFDC2871004700052DB0 /* Tests_iOS.swift in Sources */ = {isa = PBXBuildFile; fileRef = 2877DFDB2871004700052DB0 /* Tests_iOS.swift */; };
		2877DFDE2871004700052DB0 /* Tests_iOSLaunchTests.swift in Sources */ = {isa = PBXBuildFile; fileRef = 2877DFDD2871004700052DB0 /* Tests_iOSLaunchTests.swift */; };
		2877DFE82871004700052DB0 /* Tests_macOS.swift in Sources */ = {isa = PBXBuildFile; fileRef = 2877DFE72871004700052DB0 /* Tests_macOS.swift */; };
		2877DFEA2871004700052DB0 /* Tests_macOSLaunchTests.swift in Sources */ = {isa = PBXBuildFile; fileRef = 2877DFE92871004700052DB0 /* Tests_macOSLaunchTests.swift */; };
		2877DFEB2871004700052DB0 /* HelloWorldApp.swift in Sources */ = {isa = PBXBuildFile; fileRef = 2877DFC32871004300052DB0 /* HelloWorldApp.swift */; };
		2877DFEC2871004700052DB0 /* HelloWorldApp.swift in Sources */ = {isa = PBXBuildFile; fileRef = 2877DFC32871004300052DB0 /* HelloWorldApp.swift */; };
		2877DFED2871004700052DB0 /* ContentView.swift in Sources */ = {isa = PBXBuildFile; fileRef = 2877DFC42871004300052DB0 /* ContentView.swift */; };
		2877DFEE2871004700052DB0 /* ContentView.swift in Sources */ = {isa = PBXBuildFile; fileRef = 2877DFC42871004300052DB0 /* ContentView.swift */; };
		2877DFEF2871004700052DB0 /* Assets.xcassets in Resources */ = {isa = PBXBuildFile; fileRef = 2877DFC52871004700052DB0 /* Assets.xcassets */; };
		2877DFF02871004700052DB0 /* Assets.xcassets in Resources */ = {isa = PBXBuildFile; fileRef = 2877DFC52871004700052DB0 /* Assets.xcassets */; };
/* End PBXBuildFile section */

/* Begin PBXContainerItemProxy section */
		2877DFD82871004700052DB0 /* PBXContainerItemProxy */ = {
			isa = PBXContainerItemProxy;
			containerPortal = 2877DFBE2871004200052DB0 /* Project object */;
			proxyType = 1;
			remoteGlobalIDString = 2877DFC92871004700052DB0;
			remoteInfo = "HelloWorld (iOS)";
		};
		2877DFE42871004700052DB0 /* PBXContainerItemProxy */ = {
			isa = PBXContainerItemProxy;
			containerPortal = 2877DFBE2871004200052DB0 /* Project object */;
			proxyType = 1;
			remoteGlobalIDString = 2877DFCF2871004700052DB0;
			remoteInfo = "HelloWorld (macOS)";
		};
/* End PBXContainerItemProxy section */

/* Begin PBXFileReference section */
		2877DFC32871004300052DB0 /* HelloWorldApp.swift */ = {isa = PBXFileReference; lastKnownFileType = sourcecode.swift; path = HelloWorldApp.swift; sourceTree = "<group>"; };
		2877DFC42871004300052DB0 /* ContentView.swift */ = {isa = PBXFileReference; lastKnownFileType = sourcecode.swift; path = ContentView.swift; sourceTree = "<group>"; };
		2877DFC52871004700052DB0 /* Assets.xcassets */ = {isa = PBXFileReference; lastKnownFileType = folder.assetcatalog; path = Assets.xcassets; sourceTree = "<group>"; };
		2877DFCA2871004700052DB0 /* HelloWorld.app */ = {isa = PBXFileReference; explicitFileType = wrapper.application; includeInIndex = 0; path = HelloWorld.app; sourceTree = BUILT_PRODUCTS_DIR; };
		2877DFD02871004700052DB0 /* HelloWorld.app */ = {isa = PBXFileReference; explicitFileType = wrapper.application; includeInIndex = 0; path = HelloWorld.app; sourceTree = BUILT_PRODUCTS_DIR; };
		2877DFD22871004700052DB0 /* macOS.entitlements */ = {isa = PBXFileReference; lastKnownFileType = text.plist.entitlements; path = macOS.entitlements; sourceTree = "<group>"; };
		2877DFD72871004700052DB0 /* Tests iOS.xctest */ = {isa = PBXFileReference; explicitFileType = wrapper.cfbundle; includeInIndex = 0; path = "Tests iOS.xctest"; sourceTree = BUILT_PRODUCTS_DIR; };
		2877DFDB2871004700052DB0 /* Tests_iOS.swift */ = {isa = PBXFileReference; lastKnownFileType = sourcecode.swift; path = Tests_iOS.swift; sourceTree = "<group>"; };
		2877DFDD2871004700052DB0 /* Tests_iOSLaunchTests.swift */ = {isa = PBXFileReference; lastKnownFileType = sourcecode.swift; path = Tests_iOSLaunchTests.swift; sourceTree = "<group>"; };
		2877DFE32871004700052DB0 /* Tests macOS.xctest */ = {isa = PBXFileReference; explicitFileType = wrapper.cfbundle; includeInIndex = 0; path = "Tests macOS.xctest"; sourceTree = BUILT_PRODUCTS_DIR; };
		2877DFE72871004700052DB0 /* Tests_macOS.swift */ = {isa = PBXFileReference; lastKnownFileType = sourcecode.swift; path = Tests_macOS.swift; sourceTree = "<group>"; };
		2877DFE92871004700052DB0 /* Tests_macOSLaunchTests.swift */ = {isa = PBXFileReference; lastKnownFileType = sourcecode.swift; path = Tests_macOSLaunchTests.swift; sourceTree = "<group>"; };
/* End PBXFileReference section */

/* Begin PBXFrameworksBuildPhase section */
		2877DFC72871004700052DB0 /* Frameworks */ = {
			isa = PBXFrameworksBuildPhase;
			buildActionMask = 2147483647;
			files = (
			);
			runOnlyForDeploymentPostprocessing = 0;
		};
		2877DFCD2871004700052DB0 /* Frameworks */ = {
			isa = PBXFrameworksBuildPhase;
			buildActionMask = 2147483647;
			files = (
			);
			runOnlyForDeploymentPostprocessing = 0;
		};
		2877DFD42871004700052DB0 /* Frameworks */ = {
			isa = PBXFrameworksBuildPhase;
			buildActionMask = 2147483647;
			files = (
			);
			runOnlyForDeploymentPostprocessing = 0;
		};
		2877DFE02871004700052DB0 /* Frameworks */ = {
			isa = PBXFrameworksBuildPhase;
			buildActionMask = 2147483647;
			files = (
			);
			runOnlyForDeploymentPostprocessing = 0;
		};
/* End PBXFrameworksBuildPhase section */

/* Begin PBXGroup section */
		2877DFBD2871004200052DB0 = {
			isa = PBXGroup;
			children = (
				2877DFC22871004300052DB0 /* Shared */,
				2877DFD12871004700052DB0 /* macOS */,
				2877DFDA2871004700052DB0 /* Tests iOS */,
				2877DFE62871004700052DB0 /* Tests macOS */,
				2877DFCB2871004700052DB0 /* Products */,
			);
			sourceTree = "<group>";
		};
		2877DFC22871004300052DB0 /* Shared */ = {
			isa = PBXGroup;
			children = (
				2877DFC32871004300052DB0 /* HelloWorldApp.swift */,
				2877DFC42871004300052DB0 /* ContentView.swift */,
				2877DFC52871004700052DB0 /* Assets.xcassets */,
			);
			path = Shared;
			sourceTree = "<group>";
		};
		2877DFCB2871004700052DB0 /* Products */ = {
			isa = PBXGroup;
			children = (
				2877DFCA2871004700052DB0 /* HelloWorld.app */,
				2877DFD02871004700052DB0 /* HelloWorld.app */,
				2877DFD72871004700052DB0 /* Tests iOS.xctest */,
				2877DFE32871004700052DB0 /* Tests macOS.xctest */,
			);
			name = Products;
			sourceTree = "<group>";
		};
		2877DFD12871004700052DB0 /* macOS */ = {
			isa = PBXGroup;
			children = (
				2877DFD22871004700052DB0 /* macOS.entitlements */,
			);
			path = macOS;
			sourceTree = "<group>";
		};
		2877DFDA2871004700052DB0 /* Tests iOS */ = {
			isa = PBXGroup;
			children = (
				2877DFDB2871004700052DB0 /* Tests_iOS.swift */,
				2877DFDD2871004700052DB0 /* Tests_iOSLaunchTests.swift */,
			);
			path = "Tests iOS";
			sourceTree = "<group>";
		};
		2877DFE62871004700052DB0 /* Tests macOS */ = {
			isa = PBXGroup;
			children = (
				2877DFE72871004700052DB0 /* Tests_macOS.swift */,
				2877DFE92871004700052DB0 /* Tests_macOSLaunchTests.swift */,
			);
			path = "Tests macOS";
			sourceTree = "<group>";
		};
/* End PBXGroup section */

/* Begin PBXNativeTarget section */
		2877DFC92871004700052DB0 /* HelloWorld (iOS) */ = {
			isa = PBXNativeTarget;
			buildConfigurationList = 2877DFF32871004700052DB0 /* Build configuration list for PBXNativeTarget "HelloWorld (iOS)" */;
			buildPhases = (
				2877DFC62871004700052DB0 /* Sources */,
				2877DFC72871004700052DB0 /* Frameworks */,
				2877DFC82871004700052DB0 /* Resources */,
			);
			buildRules = (
			);
			dependencies = (
			);
			name = "HelloWorld (iOS)";
			productName = "HelloWorld (iOS)";
			productReference = 2877DFCA2871004700052DB0 /* HelloWorld.app */;
			productType = "com.apple.product-type.application";
		};
		2877DFCF2871004700052DB0 /* HelloWorld (macOS) */ = {
			isa = PBXNativeTarget;
			buildConfigurationList = 2877DFF62871004700052DB0 /* Build configuration list for PBXNativeTarget "HelloWorld (macOS)" */;
			buildPhases = (
				2877DFCC2871004700052DB0 /* Sources */,
				2877DFCD2871004700052DB0 /* Frameworks */,
				2877DFCE2871004700052DB0 /* Resources */,
			);
			buildRules = (
			);
			dependencies = (
			);
			name = "HelloWorld (macOS)";
			productName = "HelloWorld (macOS)";
			productReference = 2877DFD02871004700052DB0 /* HelloWorld.app */;
			productType = "com.apple.product-type.application";
		};
		2877DFD62871004700052DB0 /* Tests iOS */ = {
			isa = PBXNativeTarget;
			buildConfigurationList = 2877DFF92871004700052DB0 /* Build configuration list for PBXNativeTarget "Tests iOS" */;
			buildPhases = (
				2877DFD32871004700052DB0 /* Sources */,
				2877DFD42871004700052DB0 /* Frameworks */,
				2877DFD52871004700052DB0 /* Resources */,
			);
			buildRules = (
			);
			dependencies = (
				2877DFD92871004700052DB0 /* PBXTargetDependency */,
			);
			name = "Tests iOS";
			productName = "Tests iOS";
			productReference = 2877DFD72871004700052DB0 /* Tests iOS.xctest */;
			productType = "com.apple.product-type.bundle.ui-testing";
		};
		2877DFE22871004700052DB0 /* Tests macOS */ = {
			isa = PBXNativeTarget;
			buildConfigurationList = 2877DFFC2871004700052DB0 /* Build configuration list for PBXNativeTarget "Tests macOS" */;
			buildPhases = (
				2877DFDF2871004700052DB0 /* Sources */,
				2877DFE02871004700052DB0 /* Frameworks */,
				2877DFE12871004700052DB0 /* Resources */,
			);
			buildRules = (
			);
			dependencies = (
				2877DFE52871004700052DB0 /* PBXTargetDependency */,
			);
			name = "Tests macOS";
			productName = "Tests macOS";
			productReference = 2877DFE32871004700052DB0 /* Tests macOS.xctest */;
			productType = "com.apple.product-type.bundle.ui-testing";
		};
/* End PBXNativeTarget section */

/* Begin PBXProject section */
		2877DFBE2871004200052DB0 /* Project object */ = {
			isa = PBXProject;
			attributes = {
				BuildIndependentTargetsInParallel = 1;
				LastSwiftUpdateCheck = 1340;
				LastUpgradeCheck = 1340;
				TargetAttributes = {
					2877DFC92871004700052DB0 = {
						CreatedOnToolsVersion = 13.4.1;
					};
					2877DFCF2871004700052DB0 = {
						CreatedOnToolsVersion = 13.4.1;
					};
					2877DFD62871004700052DB0 = {
						CreatedOnToolsVersion = 13.4.1;
						TestTargetID = 2877DFC92871004700052DB0;
					};
					2877DFE22871004700052DB0 = {
						CreatedOnToolsVersion = 13.4.1;
						TestTargetID = 2877DFCF2871004700052DB0;
					};
				};
			};
			buildConfigurationList = 2877DFC12871004200052DB0 /* Build configuration list for PBXProject "HelloWorld" */;
			compatibilityVersion = "Xcode 13.0";
			developmentRegion = en;
			hasScannedForEncodings = 0;
			knownRegions = (
				en,
				Base,
			);
			mainGroup = 2877DFBD2871004200052DB0;
			productRefGroup = 2877DFCB2871004700052DB0 /* Products */;
			projectDirPath = "";
			projectRoot = "";
			targets = (
				2877DFC92871004700052DB0 /* HelloWorld (iOS) */,
				2877DFCF2871004700052DB0 /* HelloWorld (macOS) */,
				2877DFD62871004700052DB0 /* Tests iOS */,
				2877DFE22871004700052DB0 /* Tests macOS */,
			);
		};
/* End PBXProject section */

/* Begin PBXResourcesBuildPhase section */
		2877DFC82871004700052DB0 /* Resources */ = {
			isa = PBXResourcesBuildPhase;
			buildActionMask = 2147483647;
			files = (
				2877DFEF2871004700052DB0 /* Assets.xcassets in Resources */,
			);
			runOnlyForDeploymentPostprocessing = 0;
		};
		2877DFCE2871004700052DB0 /* Resources */ = {
			isa = PBXResourcesBuildPhase;
			buildActionMask = 2147483647;
			files = (
				2877DFF02871004700052DB0 /* Assets.xcassets in Resources */,
			);
			runOnlyForDeploymentPostprocessing = 0;
		};
		2877DFD52871004700052DB0 /* Resources */ = {
			isa = PBXResourcesBuildPhase;
			buildActionMask = 2147483647;
			files = (
			);
			runOnlyForDeploymentPostprocessing = 0;
		};
		2877DFE12871004700052DB0 /* Resources */ = {
			isa = PBXResourcesBuildPhase;
			buildActionMask = 2147483647;
			files = (
			);
			runOnlyForDeploymentPostprocessing = 0;
		};
/* End PBXResourcesBuildPhase section */

/* Begin PBXSourcesBuildPhase section */
		2877DFC62871004700052DB0 /* Sources */ = {
			isa = PBXSourcesBuildPhase;
			buildActionMask = 2147483647;
			files = (
				2877DFED2871004700052DB0 /* ContentView.swift in Sources */,
				2877DFEB2871004700052DB0 /* HelloWorldApp.swift in Sources */,
			);
			runOnlyForDeploymentPostprocessing = 0;
		};
		2877DFCC2871004700052DB0 /* Sources */ = {
			isa = PBXSourcesBuildPhase;
			buildActionMask = 2147483647;
			files = (
				2877DFEE2871004700052DB0 /* ContentView.swift in Sources */,
				2877DFEC2871004700052DB0 /* HelloWorldApp.swift in Sources */,
			);
			runOnlyForDeploymentPostprocessing = 0;
		};
		2877DFD32871004700052DB0 /* Sources */ = {
			isa = PBXSourcesBuildPhase;
			buildActionMask = 2147483647;
			files = (
				2877DFDE2871004700052DB0 /* Tests_iOSLaunchTests.swift in Sources */,
				2877DFDC2871004700052DB0 /* Tests_iOS.swift in Sources */,
			);
			runOnlyForDeploymentPostprocessing = 0;
		};
		2877DFDF2871004700052DB0 /* Sources */ = {
			isa = PBXSourcesBuildPhase;
			buildActionMask = 2147483647;
			files = (
				2877DFEA2871004700052DB0 /* Tests_macOSLaunchTests.swift in Sources */,
				2877DFE82871004700052DB0 /* Tests_macOS.swift in Sources */,
			);
			runOnlyForDeploymentPostprocessing = 0;
		};
/* End PBXSourcesBuildPhase section */

/* Begin PBXTargetDependency section */
		2877DFD92871004700052DB0 /* PBXTargetDependency */ = {
			isa = PBXTargetDependency;
			target = 2877DFC92871004700052DB0 /* HelloWorld (iOS) */;
			targetProxy = 2877DFD82871004700052DB0 /* PBXContainerItemProxy */;
		};
		2877DFE52871004700052DB0 /* PBXTargetDependency */ = {
			isa = PBXTargetDependency;
			target = 2877DFCF2871004700052DB0 /* HelloWorld (macOS) */;
			targetProxy = 2877DFE42871004700052DB0 /* PBXContainerItemProxy */;
		};
/* End PBXTargetDependency section */

/* Begin XCBuildConfiguration section */
		2877DFF12871004700052DB0 /* Debug */ = {
			isa = XCBuildConfiguration;
			buildSettings = {
				ALWAYS_SEARCH_USER_PATHS = NO;
				CLANG_ANALYZER_NONNULL = YES;
				CLANG_ANALYZER_NUMBER_OBJECT_CONVERSION = YES_AGGRESSIVE;
				CLANG_CXX_LANGUAGE_STANDARD = "gnu++17";
				CLANG_ENABLE_MODULES = YES;
				CLANG_ENABLE_OBJC_ARC = YES;
				CLANG_ENABLE_OBJC_WEAK = YES;
				CLANG_WARN_BLOCK_CAPTURE_AUTORELEASING = YES;
				CLANG_WARN_BOOL_CONVERSION = YES;
				CLANG_WARN_COMMA = YES;
				CLANG_WARN_CONSTANT_CONVERSION = YES;
				CLANG_WARN_DEPRECATED_OBJC_IMPLEMENTATIONS = YES;
				CLANG_WARN_DIRECT_OBJC_ISA_USAGE = YES_ERROR;
				CLANG_WARN_DOCUMENTATION_COMMENTS = YES;
				CLANG_WARN_EMPTY_BODY = YES;
				CLANG_WARN_ENUM_CONVERSION = YES;
				CLANG_WARN_INFINITE_RECURSION = YES;
				CLANG_WARN_INT_CONVERSION = YES;
				CLANG_WARN_NON_LITERAL_NULL_CONVERSION = YES;
				CLANG_WARN_OBJC_IMPLICIT_RETAIN_SELF = YES;
				CLANG_WARN_OBJC_LITERAL_CONVERSION = YES;
				CLANG_WARN_OBJC_ROOT_CLASS = YES_ERROR;
				CLANG_WARN_QUOTED_INCLUDE_IN_FRAMEWORK_HEADER = YES;
				CLANG_WARN_RANGE_LOOP_ANALYSIS = YES;
				CLANG_WARN_STRICT_PROTOTYPES = YES;
				CLANG_WARN_SUSPICIOUS_MOVE = YES;
				CLANG_WARN_UNGUARDED_AVAILABILITY = YES_AGGRESSIVE;
				CLANG_WARN_UNREACHABLE_CODE = YES;
				CLANG_WARN__DUPLICATE_METHOD_MATCH = YES;
				COPY_PHASE_STRIP = NO;
				DEBUG_INFORMATION_FORMAT = dwarf;
				ENABLE_STRICT_OBJC_MSGSEND = YES;
				ENABLE_TESTABILITY = YES;
				GCC_C_LANGUAGE_STANDARD = gnu11;
				GCC_DYNAMIC_NO_PIC = NO;
				GCC_NO_COMMON_BLOCKS = YES;
				GCC_OPTIMIZATION_LEVEL = 0;
				GCC_PREPROCESSOR_DEFINITIONS = (
					"DEBUG=1",
					"$(inherited)",
				);
				GCC_WARN_64_TO_32_BIT_CONVERSION = YES;
				GCC_WARN_ABOUT_RETURN_TYPE = YES_ERROR;
				GCC_WARN_UNDECLARED_SELECTOR = YES;
				GCC_WARN_UNINITIALIZED_AUTOS = YES_AGGRESSIVE;
				GCC_WARN_UNUSED_FUNCTION = YES;
				GCC_WARN_UNUSED_VARIABLE = YES;
				MTL_ENABLE_DEBUG_INFO = INCLUDE_SOURCE;
				MTL_FAST_MATH = YES;
				ONLY_ACTIVE_ARCH = YES;
				SWIFT_ACTIVE_COMPILATION_CONDITIONS = DEBUG;
				SWIFT_OPTIMIZATION_LEVEL = "-Onone";
			};
			name = Debug;
		};
		2877DFF22871004700052DB0 /* Release */ = {
			isa = XCBuildConfiguration;
			buildSettings = {
				ALWAYS_SEARCH_USER_PATHS = NO;
				CLANG_ANALYZER_NONNULL = YES;
				CLANG_ANALYZER_NUMBER_OBJECT_CONVERSION = YES_AGGRESSIVE;
				CLANG_CXX_LANGUAGE_STANDARD = "gnu++17";
				CLANG_ENABLE_MODULES = YES;
				CLANG_ENABLE_OBJC_ARC = YES;
				CLANG_ENABLE_OBJC_WEAK = YES;
				CLANG_WARN_BLOCK_CAPTURE_AUTORELEASING = YES;
				CLANG_WARN_BOOL_CONVERSION = YES;
				CLANG_WARN_COMMA = YES;
				CLANG_WARN_CONSTANT_CONVERSION = YES;
				CLANG_WARN_DEPRECATED_OBJC_IMPLEMENTATIONS = YES;
				CLANG_WARN_DIRECT_OBJC_ISA_USAGE = YES_ERROR;
				CLANG_WARN_DOCUMENTATION_COMMENTS = YES;
				CLANG_WARN_EMPTY_BODY = YES;
				CLANG_WARN_ENUM_CONVERSION = YES;
				CLANG_WARN_INFINITE_RECURSION = YES;
				CLANG_WARN_INT_CONVERSION = YES;
				CLANG_WARN_NON_LITERAL_NULL_CONVERSION = YES;
				CLANG_WARN_OBJC_IMPLICIT_RETAIN_SELF = YES;
				CLANG_WARN_OBJC_LITERAL_CONVERSION = YES;
				CLANG_WARN_OBJC_ROOT_CLASS = YES_ERROR;
				CLANG_WARN_QUOTED_INCLUDE_IN_FRAMEWORK_HEADER = YES;
				CLANG_WARN_RANGE_LOOP_ANALYSIS = YES;
				CLANG_WARN_STRICT_PROTOTYPES = YES;
				CLANG_WARN_SUSPICIOUS_MOVE = YES;
				CLANG_WARN_UNGUARDED_AVAILABILITY = YES_AGGRESSIVE;
				CLANG_WARN_UNREACHABLE_CODE = YES;
				CLANG_WARN__DUPLICATE_METHOD_MATCH = YES;
				COPY_PHASE_STRIP = NO;
				DEBUG_INFORMATION_FORMAT = "dwarf-with-dsym";
				ENABLE_NS_ASSERTIONS = NO;
				ENABLE_STRICT_OBJC_MSGSEND = YES;
				GCC_C_LANGUAGE_STANDARD = gnu11;
				GCC_NO_COMMON_BLOCKS = YES;
				GCC_WARN_64_TO_32_BIT_CONVERSION = YES;
				GCC_WARN_ABOUT_RETURN_TYPE = YES_ERROR;
				GCC_WARN_UNDECLARED_SELECTOR = YES;
				GCC_WARN_UNINITIALIZED_AUTOS = YES_AGGRESSIVE;
				GCC_WARN_UNUSED_FUNCTION = YES;
				GCC_WARN_UNUSED_VARIABLE = YES;
				MTL_ENABLE_DEBUG_INFO = NO;
				MTL_FAST_MATH = YES;
				SWIFT_COMPILATION_MODE = wholemodule;
				SWIFT_OPTIMIZATION_LEVEL = "-O";
			};
			name = Release;
		};
		2877DFF42871004700052DB0 /* Debug */ = {
			isa = XCBuildConfiguration;
			buildSettings = {
				ASSETCATALOG_COMPILER_APPICON_NAME = AppIcon;
				ASSETCATALOG_COMPILER_GLOBAL_ACCENT_COLOR_NAME = AccentColor;
				CODE_SIGN_STYLE = Automatic;
				CURRENT_PROJECT_VERSION = 1;
				ENABLE_PREVIEWS = YES;
				GENERATE_INFOPLIST_FILE = YES;
				INFOPLIST_KEY_UIApplicationSceneManifest_Generation = YES;
				INFOPLIST_KEY_UIApplicationSupportsIndirectInputEvents = YES;
				INFOPLIST_KEY_UILaunchScreen_Generation = YES;
				INFOPLIST_KEY_UISupportedInterfaceOrientations_iPad = "UIInterfaceOrientationPortrait UIInterfaceOrientationPortraitUpsideDown UIInterfaceOrientationLandscapeLeft UIInterfaceOrientationLandscapeRight";
				INFOPLIST_KEY_UISupportedInterfaceOrientations_iPhone = "UIInterfaceOrientationPortrait UIInterfaceOrientationLandscapeLeft UIInterfaceOrientationLandscapeRight";
				IPHONEOS_DEPLOYMENT_TARGET = 15.5;
				LD_RUNPATH_SEARCH_PATHS = (
					"$(inherited)",
					"@executable_path/Frameworks",
				);
				MARKETING_VERSION = 1.0;
				PRODUCT_BUNDLE_IDENTIFIER = helloworld.HelloWorld;
				PRODUCT_NAME = HelloWorld;
				SDKROOT = iphoneos;
				SWIFT_EMIT_LOC_STRINGS = YES;
				SWIFT_VERSION = 5.0;
				TARGETED_DEVICE_FAMILY = "1,2";
			};
			name = Debug;
		};
		2877DFF52871004700052DB0 /* Release */ = {
			isa = XCBuildConfiguration;
			buildSettings = {
				ASSETCATALOG_COMPILER_APPICON_NAME = AppIcon;
				ASSETCATALOG_COMPILER_GLOBAL_ACCENT_COLOR_NAME = AccentColor;
				CODE_SIGN_STYLE = Automatic;
				CURRENT_PROJECT_VERSION = 1;
				ENABLE_PREVIEWS = YES;
				GENERATE_INFOPLIST_FILE = YES;
				INFOPLIST_KEY_UIApplicationSceneManifest_Generation = YES;
				INFOPLIST_KEY_UIApplicationSupportsIndirectInputEvents = YES;
				INFOPLIST_KEY_UILaunchScreen_Generation = YES;
				INFOPLIST_KEY_UISupportedInterfaceOrientations_iPad = "UIInterfaceOrientationPortrait UIInterfaceOrientationPortraitUpsideDown UIInterfaceOrientationLandscapeLeft UIInterfaceOrientationLandscapeRight";
				INFOPLIST_KEY_UISupportedInterfaceOrientations_iPhone = "UIInterfaceOrientationPortrait UIInterfaceOrientationLandscapeLeft UIInterfaceOrientationLandscapeRight";
				IPHONEOS_DEPLOYMENT_TARGET = 15.5;
				LD_RUNPATH_SEARCH_PATHS = (
					"$(inherited)",
					"@executable_path/Frameworks",
				);
				MARKETING_VERSION = 1.0;
				PRODUCT_BUNDLE_IDENTIFIER = helloworld.HelloWorld;
				PRODUCT_NAME = HelloWorld;
				SDKROOT = iphoneos;
				SWIFT_EMIT_LOC_STRINGS = YES;
				SWIFT_VERSION = 5.0;
				TARGETED_DEVICE_FAMILY = "1,2";
				VALIDATE_PRODUCT = YES;
			};
			name = Release;
		};
		2877DFF72871004700052DB0 /* Debug */ = {
			isa = XCBuildConfiguration;
			buildSettings = {
				ASSETCATALOG_COMPILER_APPICON_NAME = AppIcon;
				ASSETCATALOG_COMPILER_GLOBAL_ACCENT_COLOR_NAME = AccentColor;
				CODE_SIGN_ENTITLEMENTS = macOS/macOS.entitlements;
				CODE_SIGN_STYLE = Automatic;
				COMBINE_HIDPI_IMAGES = YES;
				CURRENT_PROJECT_VERSION = 1;
				ENABLE_PREVIEWS = YES;
				GENERATE_INFOPLIST_FILE = YES;
				INFOPLIST_KEY_NSHumanReadableCopyright = "";
				LD_RUNPATH_SEARCH_PATHS = (
					"$(inherited)",
					"@executable_path/../Frameworks",
				);
				MACOSX_DEPLOYMENT_TARGET = 12.0;
				MARKETING_VERSION = 1.0;
				PRODUCT_BUNDLE_IDENTIFIER = helloworld.HelloWorld;
				PRODUCT_NAME = HelloWorld;
				SDKROOT = macosx;
				SWIFT_EMIT_LOC_STRINGS = YES;
				SWIFT_VERSION = 5.0;
			};
			name = Debug;
		};
		2877DFF82871004700052DB0 /* Release */ = {
			isa = XCBuildConfiguration;
			buildSettings = {
				ASSETCATALOG_COMPILER_APPICON_NAME = AppIcon;
				ASSETCATALOG_COMPILER_GLOBAL_ACCENT_COLOR_NAME = AccentColor;
				CODE_SIGN_ENTITLEMENTS = macOS/macOS.entitlements;
				CODE_SIGN_STYLE = Automatic;
				COMBINE_HIDPI_IMAGES = YES;
				CURRENT_PROJECT_VERSION = 1;
				ENABLE_PREVIEWS = YES;
				GENERATE_INFOPLIST_FILE = YES;
				INFOPLIST_KEY_NSHumanReadableCopyright = "";
				LD_RUNPATH_SEARCH_PATHS = (
					"$(inherited)",
					"@executable_path/../Frameworks",
				);
				MACOSX_DEPLOYMENT_TARGET = 12.0;
				MARKETING_VERSION = 1.0;
				PRODUCT_BUNDLE_IDENTIFIER = helloworld.HelloWorld;
				PRODUCT_NAME = HelloWorld;
				SDKROOT = macosx;
				SWIFT_EMIT_LOC_STRINGS = YES;
				SWIFT_VERSION = 5.0;
			};
			name = Release;
		};
		2877DFFA2871004700052DB0 /* Debug */ = {
			isa = XCBuildConfiguration;
			buildSettings = {
				ALWAYS_EMBED_SWIFT_STANDARD_LIBRARIES = YES;
				CODE_SIGN_STYLE = Automatic;
				CURRENT_PROJECT_VERSION = 1;
				GENERATE_INFOPLIST_FILE = YES;
				IPHONEOS_DEPLOYMENT_TARGET = 15.5;
				MARKETING_VERSION = 1.0;
				PRODUCT_BUNDLE_IDENTIFIER = "helloworld.Tests-iOS";
				PRODUCT_NAME = "$(TARGET_NAME)";
				SDKROOT = iphoneos;
				SWIFT_EMIT_LOC_STRINGS = NO;
				SWIFT_VERSION = 5.0;
				TARGETED_DEVICE_FAMILY = "1,2";
				TEST_TARGET_NAME = "HelloWorld (iOS)";
			};
			name = Debug;
		};
		2877DFFB2871004700052DB0 /* Release */ = {
			isa = XCBuildConfiguration;
			buildSettings = {
				ALWAYS_EMBED_SWIFT_STANDARD_LIBRARIES = YES;
				CODE_SIGN_STYLE = Automatic;
				CURRENT_PROJECT_VERSION = 1;
				GENERATE_INFOPLIST_FILE = YES;
				IPHONEOS_DEPLOYMENT_TARGET = 15.5;
				MARKETING_VERSION = 1.0;
				PRODUCT_BUNDLE_IDENTIFIER = "helloworld.Tests-iOS";
				PRODUCT_NAME = "$(TARGET_NAME)";
				SDKROOT = iphoneos;
				SWIFT_EMIT_LOC_STRINGS = NO;
				SWIFT_VERSION = 5.0;
				TARGETED_DEVICE_FAMILY = "1,2";
				TEST_TARGET_NAME = "HelloWorld (iOS)";
				VALIDATE_PRODUCT = YES;
			};
			name = Release;
		};
		2877DFFD2871004700052DB0 /* Debug */ = {
			isa = XCBuildConfiguration;
			buildSettings = {
				ALWAYS_EMBED_SWIFT_STANDARD_LIBRARIES = YES;
				CODE_SIGN_STYLE = Automatic;
				CURRENT_PROJECT_VERSION = 1;
				GENERATE_INFOPLIST_FILE = YES;
				MACOSX_DEPLOYMENT_TARGET = 12.0;
				MARKETING_VERSION = 1.0;
				PRODUCT_BUNDLE_IDENTIFIER = "helloworld.Tests-macOS";
				PRODUCT_NAME = "$(TARGET_NAME)";
				SDKROOT = macosx;
				SWIFT_EMIT_LOC_STRINGS = NO;
				SWIFT_VERSION = 5.0;
				TEST_TARGET_NAME = "HelloWorld (macOS)";
			};
			name = Debug;
		};
		2877DFFE2871004700052DB0 /* Release */ = {
			isa = XCBuildConfiguration;
			buildSettings = {
				ALWAYS_EMBED_SWIFT_STANDARD_LIBRARIES = YES;
				CODE_SIGN_STYLE = Automatic;
				CURRENT_PROJECT_VERSION = 1;
				GENERATE_INFOPLIST_FILE = YES;
				MACOSX_DEPLOYMENT_TARGET = 12.0;
				MARKETING_VERSION = 1.0;
				PRODUCT_BUNDLE_IDENTIFIER = "helloworld.Tests-macOS";
				PRODUCT_NAME = "$(TARGET_NAME)";
				SDKROOT = macosx;
				SWIFT_EMIT_LOC_STRINGS = NO;
				SWIFT_VERSION = 5.0;
				TEST_TARGET_NAME = "HelloWorld (macOS)";
			};
			name = Release;
		};
/* End XCBuildConfiguration section */

/* Begin XCConfigurationList section */
		2877DFC12871004200052DB0 /* Build configuration list for PBXProject "HelloWorld" */ = {
			isa = XCConfigurationList;
			buildConfigurations = (
				2877DFF12871004700052DB0 /* Debug */,
				2877DFF22871004700052DB0 /* Release */,
			);
			defaultConfigurationIsVisible = 0;
			defaultConfigurationName = Release;
		};
		2877DFF32871004700052DB0 /* Build configuration list for PBXNativeTarget "HelloWorld (iOS)" */ = {
			isa = XCConfigurationList;
			buildConfigurations = (
				2877DFF42871004700052DB0 /* Debug */,
				2877DFF52871004700052DB0 /* Release */,
			);
			defaultConfigurationIsVisible = 0;
			defaultConfigurationName = Release;
		};
		2877DFF62871004700052DB0 /* Build configuration list for PBXNativeTarget "HelloWorld (macOS)" */ = {
			isa = XCConfigurationList;
			buildConfigurations = (
				2877DFF72871004700052DB0 /* Debug */,
				2877DFF82871004700052DB0 /* Release */,
			);
			defaultConfigurationIsVisible = 0;
			defaultConfigurationName = Release;
		};
		2877DFF92871004700052DB0 /* Build configuration list for PBXNativeTarget "Tests iOS" */ = {
			isa = XCConfigurationList;
			buildConfigurations = (
				2877DFFA2871004700052DB0 /* Debug */,
				2877DFFB2871004700052DB0 /* Release */,
			);
			defaultConfigurationIsVisible = 0;
			defaultConfigurationName = Release;
		};
		2877DFFC2871004700052DB0 /* Build configuration list for PBXNativeTarget "Tests macOS" */ = {
			isa = XCConfigurationList;
			buildConfigurations = (
				2877DFFD2871004700052DB0 /* Debug */,
				2877DFFE2871004700052DB0 /* Release */,
			);
			defaultConfigurationIsVisible = 0;
			defaultConfigurationName = Release;
		};
/* End XCConfigurationList section */
	};
	rootObject = 2877DFBE2871004200052DB0 /* Project object */;
}
